// !$*UTF8*$!
{
	archiveVersion = 1;
	classes = {
	};
	objectVersion = 46;
	objects = {

/* Begin PBXBuildFile section */
		FD89D8201C4613BD00D6700B /* main.m in Sources */ = {isa = PBXBuildFile; fileRef = FD89D81F1C4613BD00D6700B /* main.m */; };
		FD89D8231C4613BD00D6700B /* AppDelegate.m in Sources */ = {isa = PBXBuildFile; fileRef = FD89D8221C4613BD00D6700B /* AppDelegate.m */; };
		FD89D8261C4613BD00D6700B /* FirstViewController.m in Sources */ = {isa = PBXBuildFile; fileRef = FD89D8251C4613BD00D6700B /* FirstViewController.m */; };
		FD89D8291C4613BD00D6700B /* SecondViewController.m in Sources */ = {isa = PBXBuildFile; fileRef = FD89D8281C4613BD00D6700B /* SecondViewController.m */; };
		FD89D82C1C4613BD00D6700B /* Main.storyboard in Resources */ = {isa = PBXBuildFile; fileRef = FD89D82A1C4613BD00D6700B /* Main.storyboard */; };
		FD89D82E1C4613BD00D6700B /* Assets.xcassets in Resources */ = {isa = PBXBuildFile; fileRef = FD89D82D1C4613BD00D6700B /* Assets.xcassets */; };
		FD89D8311C4613BD00D6700B /* LaunchScreen.storyboard in Resources */ = {isa = PBXBuildFile; fileRef = FD89D82F1C4613BD00D6700B /* LaunchScreen.storyboard */; };
		FD89D83C1C4613BD00D6700B /* LayerAnimationTests.m in Sources */ = {isa = PBXBuildFile; fileRef = FD89D83B1C4613BD00D6700B /* LayerAnimationTests.m */; };
/* End PBXBuildFile section */

/* Begin PBXContainerItemProxy section */
		FD89D8381C4613BD00D6700B /* PBXContainerItemProxy */ = {
			isa = PBXContainerItemProxy;
			containerPortal = FD89D8131C4613BD00D6700B /* Project object */;
			proxyType = 1;
			remoteGlobalIDString = FD89D81A1C4613BD00D6700B;
			remoteInfo = LayerAnimation;
		};
/* End PBXContainerItemProxy section */

/* Begin PBXFileReference section */
		FD89D81B1C4613BD00D6700B /* LayerAnimation.app */ = {isa = PBXFileReference; explicitFileType = wrapper.application; includeInIndex = 0; path = LayerAnimation.app; sourceTree = BUILT_PRODUCTS_DIR; };
		FD89D81F1C4613BD00D6700B /* main.m */ = {isa = PBXFileReference; lastKnownFileType = sourcecode.c.objc; path = main.m; sourceTree = "<group>"; };
		FD89D8211C4613BD00D6700B /* AppDelegate.h */ = {isa = PBXFileReference; lastKnownFileType = sourcecode.c.h; path = AppDelegate.h; sourceTree = "<group>"; };
		FD89D8221C4613BD00D6700B /* AppDelegate.m */ = {isa = PBXFileReference; lastKnownFileType = sourcecode.c.objc; path = AppDelegate.m; sourceTree = "<group>"; };
		FD89D8241C4613BD00D6700B /* FirstViewController.h */ = {isa = PBXFileReference; lastKnownFileType = sourcecode.c.h; path = FirstViewController.h; sourceTree = "<group>"; };
		FD89D8251C4613BD00D6700B /* FirstViewController.m */ = {isa = PBXFileReference; lastKnownFileType = sourcecode.c.objc; path = FirstViewController.m; sourceTree = "<group>"; };
		FD89D8271C4613BD00D6700B /* SecondViewController.h */ = {isa = PBXFileReference; lastKnownFileType = sourcecode.c.h; path = SecondViewController.h; sourceTree = "<group>"; };
		FD89D8281C4613BD00D6700B /* SecondViewController.m */ = {isa = PBXFileReference; lastKnownFileType = sourcecode.c.objc; path = SecondViewController.m; sourceTree = "<group>"; };
		FD89D82B1C4613BD00D6700B /* Base */ = {isa = PBXFileReference; lastKnownFileType = file.storyboard; name = Base; path = Base.lproj/Main.storyboard; sourceTree = "<group>"; };
		FD89D82D1C4613BD00D6700B /* Assets.xcassets */ = {isa = PBXFileReference; lastKnownFileType = folder.assetcatalog; path = Assets.xcassets; sourceTree = "<group>"; };
		FD89D8301C4613BD00D6700B /* Base */ = {isa = PBXFileReference; lastKnownFileType = file.storyboard; name = Base; path = Base.lproj/LaunchScreen.storyboard; sourceTree = "<group>"; };
		FD89D8321C4613BD00D6700B /* Info.plist */ = {isa = PBXFileReference; lastKnownFileType = text.plist.xml; path = Info.plist; sourceTree = "<group>"; };
		FD89D8371C4613BD00D6700B /* LayerAnimationTests.xctest */ = {isa = PBXFileReference; explicitFileType = wrapper.cfbundle; includeInIndex = 0; path = LayerAnimationTests.xctest; sourceTree = BUILT_PRODUCTS_DIR; };
		FD89D83B1C4613BD00D6700B /* LayerAnimationTests.m */ = {isa = PBXFileReference; lastKnownFileType = sourcecode.c.objc; path = LayerAnimationTests.m; sourceTree = "<group>"; };
		FD89D83D1C4613BD00D6700B /* Info.plist */ = {isa = PBXFileReference; lastKnownFileType = text.plist.xml; path = Info.plist; sourceTree = "<group>"; };
/* End PBXFileReference section */

/* Begin PBXFrameworksBuildPhase section */
		FD89D8181C4613BD00D6700B /* Frameworks */ = {
			isa = PBXFrameworksBuildPhase;
			buildActionMask = 2147483647;
			files = (
			);
			runOnlyForDeploymentPostprocessing = 0;
		};
		FD89D8341C4613BD00D6700B /* Frameworks */ = {
			isa = PBXFrameworksBuildPhase;
			buildActionMask = 2147483647;
			files = (
			);
			runOnlyForDeploymentPostprocessing = 0;
		};
/* End PBXFrameworksBuildPhase section */

/* Begin PBXGroup section */
		FD89D8121C4613BD00D6700B = {
			isa = PBXGroup;
			children = (
				FD89D81D1C4613BD00D6700B /* LayerAnimation */,
				FD89D83A1C4613BD00D6700B /* LayerAnimationTests */,
				FD89D81C1C4613BD00D6700B /* Products */,
			);
			sourceTree = "<group>";
		};
		FD89D81C1C4613BD00D6700B /* Products */ = {
			isa = PBXGroup;
			children = (
				FD89D81B1C4613BD00D6700B /* LayerAnimation.app */,
				FD89D8371C4613BD00D6700B /* LayerAnimationTests.xctest */,
			);
			name = Products;
			sourceTree = "<group>";
		};
		FD89D81D1C4613BD00D6700B /* LayerAnimation */ = {
			isa = PBXGroup;
			children = (
				FD89D8211C4613BD00D6700B /* AppDelegate.h */,
				FD89D8221C4613BD00D6700B /* AppDelegate.m */,
				FD89D8241C4613BD00D6700B /* FirstViewController.h */,
				FD89D8251C4613BD00D6700B /* FirstViewController.m */,
				FD89D8271C4613BD00D6700B /* SecondViewController.h */,
				FD89D8281C4613BD00D6700B /* SecondViewController.m */,
				FD89D82A1C4613BD00D6700B /* Main.storyboard */,
				FD89D82D1C4613BD00D6700B /* Assets.xcassets */,
				FD89D82F1C4613BD00D6700B /* LaunchScreen.storyboard */,
				FD89D8321C4613BD00D6700B /* Info.plist */,
				FD89D81E1C4613BD00D6700B /* Supporting Files */,
			);
			path = LayerAnimation;
			sourceTree = "<group>";
		};
		FD89D81E1C4613BD00D6700B /* Supporting Files */ = {
			isa = PBXGroup;
			children = (
				FD89D81F1C4613BD00D6700B /* main.m */,
			);
			name = "Supporting Files";
			sourceTree = "<group>";
		};
		FD89D83A1C4613BD00D6700B /* LayerAnimationTests */ = {
			isa = PBXGroup;
			children = (
				FD89D83B1C4613BD00D6700B /* LayerAnimationTests.m */,
				FD89D83D1C4613BD00D6700B /* Info.plist */,
			);
			path = LayerAnimationTests;
			sourceTree = "<group>";
		};
/* End PBXGroup section */

/* Begin PBXNativeTarget section */
		FD89D81A1C4613BD00D6700B /* LayerAnimation */ = {
			isa = PBXNativeTarget;
			buildConfigurationList = FD89D8401C4613BD00D6700B /* Build configuration list for PBXNativeTarget "LayerAnimation" */;
			buildPhases = (
				FD89D8171C4613BD00D6700B /* Sources */,
				FD89D8181C4613BD00D6700B /* Frameworks */,
				FD89D8191C4613BD00D6700B /* Resources */,
			);
			buildRules = (
			);
			dependencies = (
			);
			name = LayerAnimation;
			productName = LayerAnimation;
			productReference = FD89D81B1C4613BD00D6700B /* LayerAnimation.app */;
			productType = "com.apple.product-type.application";
		};
		FD89D8361C4613BD00D6700B /* LayerAnimationTests */ = {
			isa = PBXNativeTarget;
			buildConfigurationList = FD89D8431C4613BD00D6700B /* Build configuration list for PBXNativeTarget "LayerAnimationTests" */;
			buildPhases = (
				FD89D8331C4613BD00D6700B /* Sources */,
				FD89D8341C4613BD00D6700B /* Frameworks */,
				FD89D8351C4613BD00D6700B /* Resources */,
			);
			buildRules = (
			);
			dependencies = (
				FD89D8391C4613BD00D6700B /* PBXTargetDependency */,
			);
			name = LayerAnimationTests;
			productName = LayerAnimationTests;
			productReference = FD89D8371C4613BD00D6700B /* LayerAnimationTests.xctest */;
			productType = "com.apple.product-type.bundle.unit-test";
		};
/* End PBXNativeTarget section */

/* Begin PBXProject section */
		FD89D8131C4613BD00D6700B /* Project object */ = {
			isa = PBXProject;
			attributes = {
				LastUpgradeCheck = 0710;
				ORGANIZATIONNAME = "林伟池";
				TargetAttributes = {
					FD89D81A1C4613BD00D6700B = {
						CreatedOnToolsVersion = 7.1.1;
					};
					FD89D8361C4613BD00D6700B = {
						CreatedOnToolsVersion = 7.1.1;
						TestTargetID = FD89D81A1C4613BD00D6700B;
					};
				};
			};
			buildConfigurationList = FD89D8161C4613BD00D6700B /* Build configuration list for PBXProject "LayerAnimation" */;
			compatibilityVersion = "Xcode 3.2";
			developmentRegion = English;
			hasScannedForEncodings = 0;
			knownRegions = (
				en,
				Base,
			);
			mainGroup = FD89D8121C4613BD00D6700B;
			productRefGroup = FD89D81C1C4613BD00D6700B /* Products */;
			projectDirPath = "";
			projectRoot = "";
			targets = (
				FD89D81A1C4613BD00D6700B /* LayerAnimation */,
				FD89D8361C4613BD00D6700B /* LayerAnimationTests */,
			);
		};
/* End PBXProject section */

/* Begin PBXResourcesBuildPhase section */
		FD89D8191C4613BD00D6700B /* Resources */ = {
			isa = PBXResourcesBuildPhase;
			buildActionMask = 2147483647;
			files = (
				FD89D8311C4613BD00D6700B /* LaunchScreen.storyboard in Resources */,
				FD89D82E1C4613BD00D6700B /* Assets.xcassets in Resources */,
				FD89D82C1C4613BD00D6700B /* Main.storyboard in Resources */,
			);
			runOnlyForDeploymentPostprocessing = 0;
		};
		FD89D8351C4613BD00D6700B /* Resources */ = {
			isa = PBXResourcesBuildPhase;
			buildActionMask = 2147483647;
			files = (
			);
			runOnlyForDeploymentPostprocessing = 0;
		};
/* End PBXResourcesBuildPhase section */

/* Begin PBXSourcesBuildPhase section */
		FD89D8171C4613BD00D6700B /* Sources */ = {
			isa = PBXSourcesBuildPhase;
			buildActionMask = 2147483647;
			files = (
				FD89D8291C4613BD00D6700B /* SecondViewController.m in Sources */,
				FD89D8231C4613BD00D6700B /* AppDelegate.m in Sources */,
				FD89D8261C4613BD00D6700B /* FirstViewController.m in Sources */,
				FD89D8201C4613BD00D6700B /* main.m in Sources */,
			);
			runOnlyForDeploymentPostprocessing = 0;
		};
		FD89D8331C4613BD00D6700B /* Sources */ = {
			isa = PBXSourcesBuildPhase;
			buildActionMask = 2147483647;
			files = (
				FD89D83C1C4613BD00D6700B /* LayerAnimationTests.m in Sources */,
			);
			runOnlyForDeploymentPostprocessing = 0;
		};
/* End PBXSourcesBuildPhase section */

/* Begin PBXTargetDependency section */
		FD89D8391C4613BD00D6700B /* PBXTargetDependency */ = {
			isa = PBXTargetDependency;
			target = FD89D81A1C4613BD00D6700B /* LayerAnimation */;
			targetProxy = FD89D8381C4613BD00D6700B /* PBXContainerItemProxy */;
		};
/* End PBXTargetDependency section */

/* Begin PBXVariantGroup section */
		FD89D82A1C4613BD00D6700B /* Main.storyboard */ = {
			isa = PBXVariantGroup;
			children = (
				FD89D82B1C4613BD00D6700B /* Base */,
			);
			name = Main.storyboard;
			sourceTree = "<group>";
		};
		FD89D82F1C4613BD00D6700B /* LaunchScreen.storyboard */ = {
			isa = PBXVariantGroup;
			children = (
				FD89D8301C4613BD00D6700B /* Base */,
			);
			name = LaunchScreen.storyboard;
			sourceTree = "<group>";
		};
/* End PBXVariantGroup section */

/* Begin XCBuildConfiguration section */
		FD89D83E1C4613BD00D6700B /* Debug */ = {
			isa = XCBuildConfiguration;
			buildSettings = {
				ALWAYS_SEARCH_USER_PATHS = NO;
				CLANG_CXX_LANGUAGE_STANDARD = "gnu++0x";
				CLANG_CXX_LIBRARY = "libc++";
				CLANG_ENABLE_MODULES = YES;
				CLANG_ENABLE_OBJC_ARC = YES;
				CLANG_WARN_BOOL_CONVERSION = YES;
				CLANG_WARN_CONSTANT_CONVERSION = YES;
				CLANG_WARN_DIRECT_OBJC_ISA_USAGE = YES_ERROR;
				CLANG_WARN_EMPTY_BODY = YES;
				CLANG_WARN_ENUM_CONVERSION = YES;
				CLANG_WARN_INT_CONVERSION = YES;
				CLANG_WARN_OBJC_ROOT_CLASS = YES_ERROR;
				CLANG_WARN_UNREACHABLE_CODE = YES;
				CLANG_WARN__DUPLICATE_METHOD_MATCH = YES;
				"CODE_SIGN_IDENTITY[sdk=iphoneos*]" = "iPhone Developer";
				COPY_PHASE_STRIP = NO;
				DEBUG_INFORMATION_FORMAT = dwarf;
				ENABLE_STRICT_OBJC_MSGSEND = YES;
				ENABLE_TESTABILITY = YES;
				GCC_C_LANGUAGE_STANDARD = gnu99;
				GCC_DYNAMIC_NO_PIC = NO;
				GCC_NO_COMMON_BLOCKS = YES;
				GCC_OPTIMIZATION_LEVEL = 0;
				GCC_PREPROCESSOR_DEFINITIONS = (
					"DEBUG=1",
					"$(inherited)",
				);
				GCC_WARN_64_TO_32_BIT_CONVERSION = YES;
				GCC_WARN_ABOUT_RETURN_TYPE = YES_ERROR;
				GCC_WARN_UNDECLARED_SELECTOR = YES;
				GCC_WARN_UNINITIALIZED_AUTOS = YES_AGGRESSIVE;
				GCC_WARN_UNUSED_FUNCTION = YES;
				GCC_WARN_UNUSED_VARIABLE = YES;
				IPHONEOS_DEPLOYMENT_TARGET = 9.1;
				MTL_ENABLE_DEBUG_INFO = YES;
				ONLY_ACTIVE_ARCH = YES;
				SDKROOT = iphoneos;
			};
			name = Debug;
		};
		FD89D83F1C4613BD00D6700B /* Release */ = {
			isa = XCBuildConfiguration;
			buildSettings = {
				ALWAYS_SEARCH_USER_PATHS = NO;
				CLANG_CXX_LANGUAGE_STANDARD = "gnu++0x";
				CLANG_CXX_LIBRARY = "libc++";
				CLANG_ENABLE_MODULES = YES;
				CLANG_ENABLE_OBJC_ARC = YES;
				CLANG_WARN_BOOL_CONVERSION = YES;
				CLANG_WARN_CONSTANT_CONVERSION = YES;
				CLANG_WARN_DIRECT_OBJC_ISA_USAGE = YES_ERROR;
				CLANG_WARN_EMPTY_BODY = YES;
				CLANG_WARN_ENUM_CONVERSION = YES;
				CLANG_WARN_INT_CONVERSION = YES;
				CLANG_WARN_OBJC_ROOT_CLASS = YES_ERROR;
				CLANG_WARN_UNREACHABLE_CODE = YES;
				CLANG_WARN__DUPLICATE_METHOD_MATCH = YES;
				"CODE_SIGN_IDENTITY[sdk=iphoneos*]" = "iPhone Developer";
				COPY_PHASE_STRIP = NO;
				DEBUG_INFORMATION_FORMAT = "dwarf-with-dsym";
				ENABLE_NS_ASSERTIONS = NO;
				ENABLE_STRICT_OBJC_MSGSEND = YES;
				GCC_C_LANGUAGE_STANDARD = gnu99;
				GCC_NO_COMMON_BLOCKS = YES;
				GCC_WARN_64_TO_32_BIT_CONVERSION = YES;
				GCC_WARN_ABOUT_RETURN_TYPE = YES_ERROR;
				GCC_WARN_UNDECLARED_SELECTOR = YES;
				GCC_WARN_UNINITIALIZED_AUTOS = YES_AGGRESSIVE;
				GCC_WARN_UNUSED_FUNCTION = YES;
				GCC_WARN_UNUSED_VARIABLE = YES;
				IPHONEOS_DEPLOYMENT_TARGET = 9.1;
				MTL_ENABLE_DEBUG_INFO = NO;
				SDKROOT = iphoneos;
				VALIDATE_PRODUCT = YES;
			};
			name = Release;
		};
		FD89D8411C4613BD00D6700B /* Debug */ = {
			isa = XCBuildConfiguration;
			buildSettings = {
				ASSETCATALOG_COMPILER_APPICON_NAME = AppIcon;
				INFOPLIST_FILE = LayerAnimation/Info.plist;
				LD_RUNPATH_SEARCH_PATHS = "$(inherited) @executable_path/Frameworks";
				PRODUCT_BUNDLE_IDENTIFIER = loying.lin.LayerAnimation;
				PRODUCT_NAME = "$(TARGET_NAME)";
			};
			name = Debug;
		};
		FD89D8421C4613BD00D6700B /* Release */ = {
			isa = XCBuildConfiguration;
			buildSettings = {
				ASSETCATALOG_COMPILER_APPICON_NAME = AppIcon;
				INFOPLIST_FILE = LayerAnimation/Info.plist;
				LD_RUNPATH_SEARCH_PATHS = "$(inherited) @executable_path/Frameworks";
				PRODUCT_BUNDLE_IDENTIFIER = loying.lin.LayerAnimation;
				PRODUCT_NAME = "$(TARGET_NAME)";
			};
			name = Release;
		};
		FD89D8441C4613BD00D6700B /* Debug */ = {
			isa = XCBuildConfiguration;
			buildSettings = {
				BUNDLE_LOADER = "$(TEST_HOST)";
				INFOPLIST_FILE = LayerAnimationTests/Info.plist;
				LD_RUNPATH_SEARCH_PATHS = "$(inherited) @executable_path/Frameworks @loader_path/Frameworks";
				PRODUCT_BUNDLE_IDENTIFIER = loying.lin.LayerAnimationTests;
				PRODUCT_NAME = "$(TARGET_NAME)";
				TEST_HOST = "$(BUILT_PRODUCTS_DIR)/LayerAnimation.app/LayerAnimation";
			};
			name = Debug;
		};
		FD89D8451C4613BD00D6700B /* Release */ = {
			isa = XCBuildConfiguration;
			buildSettings = {
				BUNDLE_LOADER = "$(TEST_HOST)";
				INFOPLIST_FILE = LayerAnimationTests/Info.plist;
				LD_RUNPATH_SEARCH_PATHS = "$(inherited) @executable_path/Frameworks @loader_path/Frameworks";
				PRODUCT_BUNDLE_IDENTIFIER = loying.lin.LayerAnimationTests;
				PRODUCT_NAME = "$(TARGET_NAME)";
				TEST_HOST = "$(BUILT_PRODUCTS_DIR)/LayerAnimation.app/LayerAnimation";
			};
			name = Release;
		};
/* End XCBuildConfiguration section */

/* Begin XCConfigurationList section */
		FD89D8161C4613BD00D6700B /* Build configuration list for PBXProject "LayerAnimation" */ = {
			isa = XCConfigurationList;
			buildConfigurations = (
				FD89D83E1C4613BD00D6700B /* Debug */,
				FD89D83F1C4613BD00D6700B /* Release */,
			);
			defaultConfigurationIsVisible = 0;
			defaultConfigurationName = Release;
		};
		FD89D8401C4613BD00D6700B /* Build configuration list for PBXNativeTarget "LayerAnimation" */ = {
			isa = XCConfigurationList;
			buildConfigurations = (
				FD89D8411C4613BD00D6700B /* Debug */,
				FD89D8421C4613BD00D6700B /* Release */,
			);
			defaultConfigurationIsVisible = 0;
		};
		FD89D8431C4613BD00D6700B /* Build configuration list for PBXNativeTarget "LayerAnimationTests" */ = {
			isa = XCConfigurationList;
			buildConfigurations = (
				FD89D8441C4613BD00D6700B /* Debug */,
				FD89D8451C4613BD00D6700B /* Release */,
			);
			defaultConfigurationIsVisible = 0;
		};
/* End XCConfigurationList section */
	};
	rootObject = FD89D8131C4613BD00D6700B /* Project object */;
}
